
Microsoft Visual Studio Solution File, Format Version 12.00
# Visual Studio 15
VisualStudioVersion = 15.0.28307.438
MinimumVisualStudioVersion = 10.0.40219.1
Project("{FAE04EC0-301F-11D3-BF4B-00C04F79EFBC}") = "SistemaPrestamos", "SistemaPrestamos\SistemaPrestamos.csproj", "{CD1CC50D-485C-4799-A327-8931820A35E9}"
EndProject
Project("{FAE04EC0-301F-11D3-BF4B-00C04F79EFBC}") = "Plantillas", "Plantillas\Plantillas.csproj", "{70EC029B-BE19-4DF2-A5DF-0B148AB89430}"
EndProject
Project("{FAE04EC0-301F-11D3-BF4B-00C04F79EFBC}") = "Entidades", "Entidades\Entidades.csproj", "{0518CEDF-B72E-42E2-BBCF-9E5F173A8707}"
EndProject
Project("{54435603-DBB4-11D2-8724-00A0C9A8B90C}") = "InstaladorSistemaPrestamos", "InstaladorSistemaPrestamos\InstaladorSistemaPrestamos.vdproj", "{D4682325-DAFC-4E78-9473-FB76D02C298B}"
EndProject
Global
	GlobalSection(SolutionConfigurationPlatforms) = preSolution
		Debug|Any CPU = Debug|Any CPU
		Release|Any CPU = Release|Any CPU
	EndGlobalSection
	GlobalSection(ProjectConfigurationPlatforms) = postSolution
		{CD1CC50D-485C-4799-A327-8931820A35E9}.Debug|Any CPU.ActiveCfg = Debug|Any CPU
		{CD1CC50D-485C-4799-A327-8931820A35E9}.Debug|Any CPU.Build.0 = Debug|Any CPU
		{CD1CC50D-485C-4799-A327-8931820A35E9}.Release|Any CPU.ActiveCfg = Release|Any CPU
		{CD1CC50D-485C-4799-A327-8931820A35E9}.Release|Any CPU.Build.0 = Release|Any CPU
		{70EC029B-BE19-4DF2-A5DF-0B148AB89430}.Debug|Any CPU.ActiveCfg = Debug|Any CPU
		{70EC029B-BE19-4DF2-A5DF-0B148AB89430}.Debug|Any CPU.Build.0 = Debug|Any CPU
		{70EC029B-BE19-4DF2-A5DF-0B148AB89430}.Release|Any CPU.ActiveCfg = Release|Any CPU
		{70EC029B-BE19-4DF2-A5DF-0B148AB89430}.Release|Any CPU.Build.0 = Release|Any CPU
		{0518CEDF-B72E-42E2-BBCF-9E5F173A8707}.Debug|Any CPU.ActiveCfg = Debug|Any CPU
		{0518CEDF-B72E-42E2-BBCF-9E5F173A8707}.Debug|Any CPU.Build.0 = Debug|Any CPU
		{0518CEDF-B72E-42E2-BBCF-9E5F173A8707}.Release|Any CPU.ActiveCfg = Release|Any CPU
		{0518CEDF-B72E-42E2-BBCF-9E5F173A8707}.Release|Any CPU.Build.0 = Release|Any CPU
		{D4682325-DAFC-4E78-9473-FB76D02C298B}.Debug|Any CPU.ActiveCfg = Debug
		{D4682325-DAFC-4E78-9473-FB76D02C298B}.Release|Any CPU.ActiveCfg = Release
	EndGlobalSection
	GlobalSection(SolutionProperties) = preSolution
		HideSolutionNode = FALSE
	EndGlobalSection
	GlobalSection(ExtensibilityGlobals) = postSolution
		SolutionGuid = {94BFCD27-2732-4987-824D-2A553FE15CBC}
	EndGlobalSection
EndGlobal
